
Microsoft Visual Studio Solution File, Format Version 12.00
# Visual Studio Version 17
VisualStudioVersion = 17.11.35303.130
MinimumVisualStudioVersion = 10.0.40219.1
Project("{9A19103F-16F7-4668-BE54-9A1E7A4F7556}") = "AwesomeGICTests", "AwesomeGICTests\AwesomeGICTests.csproj", "{77976691-7427-4EFA-B325-35C59B40EB3B}"
EndProject
Project("{9A19103F-16F7-4668-BE54-9A1E7A4F7556}") = "AwesomeGIC", "AwesomeGIC\AwesomeGIC.csproj", "{3AFD7E21-9634-454F-BED1-B029EB6E77F0}"
EndProject
Global
	GlobalSection(SolutionConfigurationPlatforms) = preSolution
		Debug|Any CPU = Debug|Any CPU
		Release|Any CPU = Release|Any CPU
	EndGlobalSection
	GlobalSection(ProjectConfigurationPlatforms) = postSolution
		{77976691-7427-4EFA-B325-35C59B40EB3B}.Debug|Any CPU.ActiveCfg = Debug|Any CPU
		{77976691-7427-4EFA-B325-35C59B40EB3B}.Debug|Any CPU.Build.0 = Debug|Any CPU
		{77976691-7427-4EFA-B325-35C59B40EB3B}.Release|Any CPU.ActiveCfg = Release|Any CPU
		{77976691-7427-4EFA-B325-35C59B40EB3B}.Release|Any CPU.Build.0 = Release|Any CPU
		{3AFD7E21-9634-454F-BED1-B029EB6E77F0}.Debug|Any CPU.ActiveCfg = Debug|Any CPU
		{3AFD7E21-9634-454F-BED1-B029EB6E77F0}.Debug|Any CPU.Build.0 = Debug|Any CPU
		{3AFD7E21-9634-454F-BED1-B029EB6E77F0}.Release|Any CPU.ActiveCfg = Release|Any CPU
		{3AFD7E21-9634-454F-BED1-B029EB6E77F0}.Release|Any CPU.Build.0 = Release|Any CPU
	EndGlobalSection
	GlobalSection(SolutionProperties) = preSolution
		HideSolutionNode = FALSE
	EndGlobalSection
	GlobalSection(ExtensibilityGlobals) = postSolution
		SolutionGuid = {BC75DFF3-2DB5-4DD3-9748-F02ACAD839D5}
	EndGlobalSection
EndGlobal
